{
  "version": 4,
  "terraform_version": "1.9.0",
  "serial": 94,
  "lineage": "087116ab-722d-59f2-4fec-54ad3e9d3a5f",
  "outputs": {
    "kubernetes_cluster_ca_certificate": {
      "value": "-----BEGIN CERTIFICATE-----\nMIIELTCCApWgAwIBAgIRAO0sHvObvSwmy+z+pLBIbPwwDQYJKoZIhvcNAQELBQAw\nLzEtMCsGA1UEAxMkMWEzMWNkZTYtNWYzZS00YmVjLWE1ZjctZTA3ZTM4MzAyNWE3\nMCAXDTI0MDcxOTIwMDkyM1oYDzIwNTQwNzEyMjEwOTIzWjAvMS0wKwYDVQQDEyQx\nYTMxY2RlNi01ZjNlLTRiZWMtYTVmNy1lMDdlMzgzMDI1YTcwggGiMA0GCSqGSIb3\nDQEBAQUAA4IBjwAwggGKAoIBgQDXeya6BBPsSlcPNHj8AbOVVE1hzjja1n7go6pd\nv81WPLPYUULzjJ3zfGNkrhFNGvJyjS35RPDQkpcX0ss0GMZn9y8XunoldY/zs3yd\nJptyGVHzEVwx6CCcwruNG0vjy6qjNOXpw7WQc3dn1+EcLx6pYJjYuR/4fCcHS53O\nYyxBr6OrCOA0J7CQvLP9xEIZqk6almpxR96Q7OePaNL14tIR6f4xShUGu5D5qcXh\nLQ8hQZpYe52oE0B2fBqpjgemiGiQ/VY7tRwAQSsMFTOMmohyiPx4+VRuCqr3bRnb\nOtKCB4JYsKmbiarefeiV562Z9zdgWaAIq9NQ67kuttaJa42phxwRk1q7eOTkn5la\n5oqvNy5e6eiI0MG3J9P4ZGwpGzHuevXBa9WJ0B+qltZSZiVMuC2y65uKpNfyS7Yk\no4ni50q9uyRm4hv5lDsMT0dtKpvQcX9R+ptlgG+gkV/JQJgL62c1ZiStvnplCVHF\nox/evbOG1XKMD/RLmThMn7HPpckCAwEAAaNCMEAwDgYDVR0PAQH/BAQDAgIEMA8G\nA1UdEwEB/wQFMAMBAf8wHQYDVR0OBBYEFEZCmy8Tg3NZP4waDD51ede+BN+4MA0G\nCSqGSIb3DQEBCwUAA4IBgQCdd+tpWKWr7aaZ+FBqHEwHNDOScQFQUSvy3xsN9Z9u\nEeVsKA6WnbMdolL8Yl71miA9kZacNWDmmQkJBHVYNGuPwZwJ2ZY34A2GjkwhJNMv\ng/MoWzbqMsOrPcwyXiTDBCIHS6FAhru0vjtiC+ggtDD5DW7xtuBuKS4Ab7Xr+2Kw\nv5Vcwfau7U0Oz0kh58rJbSc9THEse+htDZUWG0tz0fTCp32L25j1JnTkeK9ocMyC\nfeaelkQ7Ur60QStRyMRPP4l2JKeg5CJcOFlDnk63V2xU/pyVkWCK7FJPU+Oo+uBy\n0mDBZ6WBP3pYsP3vUblGAPvzSMlB5yUBaAl7wGGWHSMr5nAAGAduQJ1DE0iLiTGD\njw4m1OIuIvK3mYKlmypKRs8drMnJ7f7og1sOk28fEVNQUUZDpOzgU521qqjqBcZr\n9BIyCDOpdMuF2W6uikIqnT8bHuXuX9hwzSOjf7kybCq0DQC80V1VtMsW9uNSh9ju\nxpQbS6unBJBu6gtBNvpAAKo=\n-----END CERTIFICATE-----\n",
      "type": "string"
    },
    "kubernetes_cluster_endpoint": {
      "value": "34.45.44.222",
      "type": "string"
    },
    "kubernetes_cluster_name": {
      "value": "devops-cluster",
      "type": "string"
    }
  },
  "resources": [
    {
      "mode": "managed",
      "type": "google_container_cluster",
      "name": "primary",
      "provider": "provider[\"registry.terraform.io/hashicorp/google\"]",
      "instances": [
        {
          "schema_version": 2,
          "attributes": {
            "addons_config": [
              {
                "cloudrun_config": [],
                "config_connector_config": [],
                "dns_cache_config": [],
                "gce_persistent_disk_csi_driver_config": [
                  {
                    "enabled": true
                  }
                ],
                "gcp_filestore_csi_driver_config": [],
                "gcs_fuse_csi_driver_config": [],
                "gke_backup_agent_config": [],
                "horizontal_pod_autoscaling": [
                  {
                    "disabled": false
                  }
                ],
                "http_load_balancing": [
                  {
                    "disabled": false
                  }
                ],
                "network_policy_config": [
                  {
                    "disabled": true
                  }
                ],
                "stateful_ha_config": []
              }
            ],
            "allow_net_admin": null,
            "authenticator_groups_config": [],
            "binary_authorization": [
              {
                "enabled": false,
                "evaluation_mode": ""
              }
            ],
            "cluster_autoscaling": [
              {
                "auto_provisioning_defaults": [],
                "autoscaling_profile": "BALANCED",
                "enabled": false,
                "resource_limits": []
              }
            ],
            "cluster_ipv4_cidr": "10.4.0.0/14",
            "confidential_nodes": [],
            "cost_management_config": [],
            "database_encryption": [
              {
                "key_name": "",
                "state": "DECRYPTED"
              }
            ],
            "datapath_provider": "",
            "default_max_pods_per_node": 110,
            "default_snat_status": [
              {
                "disabled": false
              }
            ],
            "deletion_protection": false,
            "description": "",
            "dns_config": [],
            "enable_autopilot": false,
            "enable_cilium_clusterwide_network_policy": false,
            "enable_intranode_visibility": false,
            "enable_k8s_beta_apis": [],
            "enable_kubernetes_alpha": false,
            "enable_l4_ilb_subsetting": false,
            "enable_legacy_abac": false,
            "enable_shielded_nodes": true,
            "enable_tpu": false,
            "endpoint": "34.45.44.222",
            "fleet": [],
            "gateway_api_config": [],
            "id": "projects/divine-precinct-428122-a7/locations/us-central1/clusters/devops-cluster",
            "identity_service_config": [],
            "initial_node_count": 1,
            "ip_allocation_policy": [
              {
                "additional_pod_ranges_config": [],
                "cluster_ipv4_cidr_block": "10.4.0.0/14",
                "cluster_secondary_range_name": "gke-devops-cluster-pods-0ed380e1",
                "pod_cidr_overprovision_config": [
                  {
                    "disabled": false
                  }
                ],
                "services_ipv4_cidr_block": "10.98.32.0/20",
                "services_secondary_range_name": "gke-devops-cluster-services-0ed380e1",
                "stack_type": "IPV4"
              }
            ],
            "label_fingerprint": "a9dc16a7",
            "location": "us-central1",
            "logging_config": [
              {
                "enable_components": [
                  "SYSTEM_COMPONENTS",
                  "WORKLOADS"
                ]
              }
            ],
            "logging_service": "logging.googleapis.com/kubernetes",
            "maintenance_policy": [],
            "master_auth": [
              {
                "client_certificate": "",
                "client_certificate_config": [
                  {
                    "issue_client_certificate": false
                  }
                ],
                "client_key": "",
                "cluster_ca_certificate": "LS0tLS1CRUdJTiBDRVJUSUZJQ0FURS0tLS0tCk1JSUVMVENDQXBXZ0F3SUJBZ0lSQU8wc0h2T2J2U3dteSt6K3BMQkliUHd3RFFZSktvWklodmNOQVFFTEJRQXcKTHpFdE1Dc0dBMVVFQXhNa01XRXpNV05rWlRZdE5XWXpaUzAwWW1WakxXRTFaamN0WlRBM1pUTTRNekF5TldFMwpNQ0FYRFRJME1EY3hPVEl3TURreU0xb1lEekl3TlRRd056RXlNakV3T1RJeldqQXZNUzB3S3dZRFZRUURFeVF4CllUTXhZMlJsTmkwMVpqTmxMVFJpWldNdFlUVm1OeTFsTURkbE16Z3pNREkxWVRjd2dnR2lNQTBHQ1NxR1NJYjMKRFFFQkFRVUFBNElCandBd2dnR0tBb0lCZ1FEWGV5YTZCQlBzU2xjUE5IajhBYk9WVkUxaHpqamExbjdnbzZwZAp2ODFXUExQWVVVTHpqSjN6ZkdOa3JoRk5Hdkp5alMzNVJQRFFrcGNYMHNzMEdNWm45eThYdW5vbGRZL3pzM3lkCkpwdHlHVkh6RVZ3eDZDQ2N3cnVORzB2ank2cWpOT1hwdzdXUWMzZG4xK0VjTHg2cFlKall1Ui80ZkNjSFM1M08KWXl4QnI2T3JDT0EwSjdDUXZMUDl4RUlacWs2YWxtcHhSOTZRN09lUGFOTDE0dElSNmY0eFNoVUd1NUQ1cWNYaApMUThoUVpwWWU1Mm9FMEIyZkJxcGpnZW1pR2lRL1ZZN3RSd0FRU3NNRlRPTW1vaHlpUHg0K1ZSdUNxcjNiUm5iCk90S0NCNEpZc0ttYmlhcmVmZWlWNTYyWjl6ZGdXYUFJcTlOUTY3a3V0dGFKYTQycGh4d1JrMXE3ZU9Ua241bGEKNW9xdk55NWU2ZWlJME1HM0o5UDRaR3dwR3pIdWV2WEJhOVdKMEIrcWx0WlNaaVZNdUMyeTY1dUtwTmZ5UzdZawpvNG5pNTBxOXV5Um00aHY1bERzTVQwZHRLcHZRY1g5UitwdGxnRytna1YvSlFKZ0w2MmMxWmlTdHZucGxDVkhGCm94L2V2Yk9HMVhLTUQvUkxtVGhNbjdIUHBja0NBd0VBQWFOQ01FQXdEZ1lEVlIwUEFRSC9CQVFEQWdJRU1BOEcKQTFVZEV3RUIvd1FGTUFNQkFmOHdIUVlEVlIwT0JCWUVGRVpDbXk4VGczTlpQNHdhREQ1MWVkZStCTis0TUEwRwpDU3FHU0liM0RRRUJDd1VBQTRJQmdRQ2RkK3RwV0tXcjdhYVorRkJxSEV3SE5ET1NjUUZRVVN2eTN4c045Wjl1CkVlVnNLQTZXbmJNZG9sTDhZbDcxbWlBOWtaYWNOV0RtbVFrSkJIVllOR3VQd1p3SjJaWTM0QTJHamt3aEpOTXYKZy9Nb1d6YnFNc09yUGN3eVhpVERCQ0lIUzZGQWhydTB2anRpQytnZ3RERDVEVzd4dHVCdUtTNEFiN1hyKzJLdwp2NVZjd2ZhdTdVME96MGtoNThySmJTYzlUSEVzZStodERaVVdHMHR6MGZUQ3AzMkwyNWoxSm5Ua2VLOW9jTXlDCmZlYWVsa1E3VXI2MFFTdFJ5TVJQUDRsMkpLZWc1Q0pjT0ZsRG5rNjNWMnhVL3B5VmtXQ0s3RkpQVStPbyt1QnkKMG1EQlo2V0JQM3BZc1AzdlVibEdBUHZ6U01sQjV5VUJhQWw3d0dHV0hTTXI1bkFBR0FkdVFKMURFMGlMaVRHRApqdzRtMU9JdUl2SzNtWUtsbXlwS1JzOGRyTW5KN2Y3b2cxc09rMjhmRVZOUVVVWkRwT3pnVTUyMXFxanFCY1pyCjlCSXlDRE9wZE11RjJXNnVpa0lxblQ4Ykh1WHVYOWh3elNPamY3a3liQ3EwRFFDODBWMVZ0TXNXOXVOU2g5anUKeHBRYlM2dW5CSkJ1Nmd0Qk52cEFBS289Ci0tLS0tRU5EIENFUlRJRklDQVRFLS0tLS0K"
              }
            ],
            "master_authorized_networks_config": [],
            "master_version": "1.28.10-gke.1075001",
            "mesh_certificates": [],
            "min_master_version": "1.28",
            "monitoring_config": [
              {
                "advanced_datapath_observability_config": [
                  {
                    "enable_metrics": false,
                    "enable_relay": false,
                    "relay_mode": "DISABLED"
                  }
                ],
                "enable_components": [
                  "SYSTEM_COMPONENTS"
                ],
                "managed_prometheus": [
                  {
                    "enabled": true
                  }
                ]
              }
            ],
            "monitoring_service": "monitoring.googleapis.com/kubernetes",
            "name": "devops-cluster",
            "network": "projects/divine-precinct-428122-a7/global/networks/default",
            "network_policy": [
              {
                "enabled": false,
                "provider": "PROVIDER_UNSPECIFIED"
              }
            ],
            "networking_mode": "VPC_NATIVE",
            "node_config": [
              {
                "advanced_machine_features": [],
                "boot_disk_kms_key": "",
                "confidential_nodes": [],
                "containerd_config": [],
                "disk_size_gb": 20,
                "disk_type": "pd-balanced",
                "effective_taints": [],
                "enable_confidential_storage": false,
                "ephemeral_storage_local_ssd_config": [],
                "fast_socket": [],
                "gcfs_config": [],
                "guest_accelerator": [],
                "gvnic": [],
                "host_maintenance_policy": [],
                "image_type": "COS_CONTAINERD",
                "kubelet_config": [],
                "labels": {},
                "linux_node_config": [],
                "local_nvme_ssd_block_config": [],
                "local_ssd_count": 0,
                "logging_variant": "DEFAULT",
                "machine_type": "e2-medium",
                "metadata": {
                  "disable-legacy-endpoints": "true"
                },
                "min_cpu_platform": "",
                "node_group": "",
                "oauth_scopes": [
                  "https://www.googleapis.com/auth/devstorage.read_only",
                  "https://www.googleapis.com/auth/logging.write",
                  "https://www.googleapis.com/auth/monitoring",
                  "https://www.googleapis.com/auth/service.management.readonly",
                  "https://www.googleapis.com/auth/servicecontrol",
                  "https://www.googleapis.com/auth/trace.append"
                ],
                "preemptible": true,
                "reservation_affinity": [],
                "resource_labels": null,
                "resource_manager_tags": null,
                "secondary_boot_disks": [],
                "service_account": "default",
                "shielded_instance_config": [
                  {
                    "enable_integrity_monitoring": true,
                    "enable_secure_boot": false
                  }
                ],
                "sole_tenant_config": [],
                "spot": false,
                "tags": null,
                "taint": [],
                "workload_metadata_config": []
              }
            ],
            "node_locations": [
              "us-central1-a",
              "us-central1-c",
              "us-central1-f"
            ],
            "node_pool": [
              {
                "autoscaling": [],
                "initial_node_count": 1,
                "instance_group_urls": [
                  "https://www.googleapis.com/compute/v1/projects/divine-precinct-428122-a7/zones/us-central1-c/instanceGroupManagers/gke-devops-cluster-default-pool-bedbefa3-grp",
                  "https://www.googleapis.com/compute/v1/projects/divine-precinct-428122-a7/zones/us-central1-f/instanceGroupManagers/gke-devops-cluster-default-pool-9a39feb7-grp",
                  "https://www.googleapis.com/compute/v1/projects/divine-precinct-428122-a7/zones/us-central1-a/instanceGroupManagers/gke-devops-cluster-default-pool-150d1649-grp"
                ],
                "managed_instance_group_urls": [
                  "https://www.googleapis.com/compute/v1/projects/divine-precinct-428122-a7/zones/us-central1-c/instanceGroups/gke-devops-cluster-default-pool-bedbefa3-grp",
                  "https://www.googleapis.com/compute/v1/projects/divine-precinct-428122-a7/zones/us-central1-f/instanceGroups/gke-devops-cluster-default-pool-9a39feb7-grp",
                  "https://www.googleapis.com/compute/v1/projects/divine-precinct-428122-a7/zones/us-central1-a/instanceGroups/gke-devops-cluster-default-pool-150d1649-grp"
                ],
                "management": [
                  {
                    "auto_repair": true,
                    "auto_upgrade": true
                  }
                ],
                "max_pods_per_node": 110,
                "name": "default-pool",
                "name_prefix": "",
                "network_config": [
                  {
                    "create_pod_range": false,
                    "enable_private_nodes": false,
                    "network_performance_config": [],
                    "pod_cidr_overprovision_config": [],
                    "pod_ipv4_cidr_block": "10.4.0.0/14",
                    "pod_range": "gke-devops-cluster-pods-0ed380e1"
                  }
                ],
                "node_config": [
                  {
                    "advanced_machine_features": [],
                    "boot_disk_kms_key": "",
                    "confidential_nodes": [],
                    "containerd_config": [],
                    "disk_size_gb": 20,
                    "disk_type": "pd-balanced",
                    "effective_taints": [],
                    "enable_confidential_storage": false,
                    "ephemeral_storage_local_ssd_config": [],
                    "fast_socket": [],
                    "gcfs_config": [],
                    "guest_accelerator": [],
                    "gvnic": [],
                    "host_maintenance_policy": [],
                    "image_type": "COS_CONTAINERD",
                    "kubelet_config": [],
                    "labels": {},
                    "linux_node_config": [],
                    "local_nvme_ssd_block_config": [],
                    "local_ssd_count": 0,
                    "logging_variant": "DEFAULT",
                    "machine_type": "e2-medium",
                    "metadata": {
                      "disable-legacy-endpoints": "true"
                    },
                    "min_cpu_platform": "",
                    "node_group": "",
                    "oauth_scopes": [
                      "https://www.googleapis.com/auth/devstorage.read_only",
                      "https://www.googleapis.com/auth/logging.write",
                      "https://www.googleapis.com/auth/monitoring",
                      "https://www.googleapis.com/auth/service.management.readonly",
                      "https://www.googleapis.com/auth/servicecontrol",
                      "https://www.googleapis.com/auth/trace.append"
                    ],
                    "preemptible": true,
                    "reservation_affinity": [],
                    "resource_labels": {},
                    "resource_manager_tags": {},
                    "secondary_boot_disks": [],
                    "service_account": "default",
                    "shielded_instance_config": [
                      {
                        "enable_integrity_monitoring": true,
                        "enable_secure_boot": false
                      }
                    ],
                    "sole_tenant_config": [],
                    "spot": false,
                    "tags": [],
                    "taint": [],
                    "workload_metadata_config": []
                  }
                ],
                "node_count": 1,
                "node_locations": [
                  "us-central1-a",
                  "us-central1-c",
                  "us-central1-f"
                ],
                "placement_policy": [],
                "queued_provisioning": [],
                "upgrade_settings": [
                  {
                    "blue_green_settings": [],
                    "max_surge": 1,
                    "max_unavailable": 0,
                    "strategy": "SURGE"
                  }
                ],
                "version": "1.28.10-gke.1075001"
              }
            ],
            "node_pool_auto_config": [],
            "node_pool_defaults": [
              {
                "node_config_defaults": [
                  {
                    "containerd_config": [],
                    "logging_variant": "DEFAULT"
                  }
                ]
              }
            ],
            "node_version": "1.28.10-gke.1075001",
            "notification_config": [
              {
                "pubsub": [
                  {
                    "enabled": false,
                    "filter": [],
                    "topic": ""
                  }
                ]
              }
            ],
            "operation": null,
            "private_cluster_config": [
              {
                "enable_private_endpoint": false,
                "enable_private_nodes": false,
                "master_global_access_config": [
                  {
                    "enabled": false
                  }
                ],
                "master_ipv4_cidr_block": "",
                "peering_name": "",
                "private_endpoint": "10.128.0.29",
                "private_endpoint_subnetwork": "",
                "public_endpoint": "34.45.44.222"
              }
            ],
            "private_ipv6_google_access": "",
            "project": "divine-precinct-428122-a7",
            "release_channel": [
              {
                "channel": "STABLE"
              }
            ],
            "remove_default_node_pool": null,
            "resource_labels": null,
            "resource_usage_export_config": [],
            "security_posture_config": [
              {
                "mode": "BASIC",
                "vulnerability_mode": "VULNERABILITY_MODE_UNSPECIFIED"
              }
            ],
            "self_link": "https://container.googleapis.com/v1/projects/divine-precinct-428122-a7/locations/us-central1/clusters/devops-cluster",
            "service_external_ips_config": [
              {
                "enabled": false
              }
            ],
            "services_ipv4_cidr": "10.98.32.0/20",
            "subnetwork": "projects/divine-precinct-428122-a7/regions/us-central1/subnetworks/default",
            "timeouts": null,
            "tpu_ipv4_cidr_block": "",
            "vertical_pod_autoscaling": [],
            "workload_identity_config": []
          },
          "sensitive_attributes": [
            [
              {
                "type": "get_attr",
                "value": "master_auth"
              },
              {
                "type": "index",
                "value": {
                  "value": 0,
                  "type": "number"
                }
              },
              {
                "type": "get_attr",
                "value": "client_key"
              }
            ]
          ],
          "private": "eyJlMmJmYjczMC1lY2FhLTExZTYtOGY4OC0zNDM2M2JjN2M0YzAiOnsiY3JlYXRlIjoyNDAwMDAwMDAwMDAwLCJkZWxldGUiOjI0MDAwMDAwMDAwMDAsInJlYWQiOjI0MDAwMDAwMDAwMDAsInVwZGF0ZSI6MzYwMDAwMDAwMDAwMH0sInNjaGVtYV92ZXJzaW9uIjoiMiJ9",
          "dependencies": [
            "google_project_service.container"
          ]
        }
      ]
    },
    {
      "mode": "managed",
      "type": "google_project_service",
      "name": "container",
      "provider": "provider[\"registry.terraform.io/hashicorp/google\"]",
      "instances": [
        {
          "schema_version": 0,
          "attributes": {
            "disable_dependent_services": null,
            "disable_on_destroy": true,
            "id": "divine-precinct-428122-a7/container.googleapis.com",
            "project": "divine-precinct-428122-a7",
            "service": "container.googleapis.com",
            "timeouts": null
          },
          "sensitive_attributes": [],
          "private": "eyJlMmJmYjczMC1lY2FhLTExZTYtOGY4OC0zNDM2M2JjN2M0YzAiOnsiY3JlYXRlIjoxMjAwMDAwMDAwMDAwLCJkZWxldGUiOjEyMDAwMDAwMDAwMDAsInJlYWQiOjYwMDAwMDAwMDAwMCwidXBkYXRlIjoxMjAwMDAwMDAwMDAwfX0="
        }
      ]
    }
  ],
  "check_results": null
}
