{
  "version": 4,
  "terraform_version": "1.9.0",
  "serial": 17,
  "lineage": "087116ab-722d-59f2-4fec-54ad3e9d3a5f",
  "outputs": {
    "kubernetes_cluster_ca_certificate": {
      "value": "-----BEGIN CERTIFICATE-----\nMIIELTCCApWgAwIBAgIRAMEwDXqwe+RGoO+ITi+tO2EwDQYJKoZIhvcNAQELBQAw\nLzEtMCsGA1UEAxMkYjg0NWZjNzQtYjAxZS00NTdhLWE4MzUtYTE4Mzg4ZDNlZjBm\nMCAXDTI0MDcwMjEyNTgzNVoYDzIwNTQwNjI1MTM1ODM1WjAvMS0wKwYDVQQDEyRi\nODQ1ZmM3NC1iMDFlLTQ1N2EtYTgzNS1hMTgzODhkM2VmMGYwggGiMA0GCSqGSIb3\nDQEBAQUAA4IBjwAwggGKAoIBgQDPIJckbUuU7y+kIae3yF6ih1FlzL9sS7bkjY6F\nPSYVDbmGQt6l7cvIT/WaidwAV+tDH6tZM7jKomdy/jkIviRtGPBFVOHT9UAOYz1k\nMpvYbf1CLUpT7L9oJDwxJYzc71BmJ+foItL/VQbihczwFSqzBvFZ8YzajPeMsgd9\nd5FSFZYH/UfxbLDauf5UwA0KOLWri0HKxZdD5P3eUhgyT3ThC1qZvdDXta2irQ2b\nu/RJdoH5v6DE8q23AXITcixcbCmbjhqzT5K7km0Z8VxpK8R2TvZnIhtbYUJAjtwe\num5eNVPF9n+osHpF/a/B+WKGAz2FFNHp7ZxB4a118w0pX/ePD4+djnX+jpWavtY6\nFdDexnegtoMqu4X7/AGa076U3MRFiXl+5jCNyfMYD9GzJsI3kgaUVwrZrFG8Wn52\nTB7M8aI5YPmnEP5s4gybTWRmhj9N1mXze6MyFcqZhQKjFW1znpSmEjFsouhwMYPg\n2kkhSsJ2oAQPiO+MCM0lT+ngLiUCAwEAAaNCMEAwDgYDVR0PAQH/BAQDAgIEMA8G\nA1UdEwEB/wQFMAMBAf8wHQYDVR0OBBYEFAcDXucGA54TR7pWe7PeVr7zLPhHMA0G\nCSqGSIb3DQEBCwUAA4IBgQAUAXyYDfxrDsZu0eZyH5ZsI/hmFShz7EJ/SnoHVzrn\n8Ukgd4ZSN5MRR52XnRDq/W+mu0By7ni2FP9lX5IFr4i7xcaC1g1Jaa5sXvJE7KeL\ny/OnFq6YbLER+q+9pmAiyA7CR20LVJ3XTMqqghH/uxpU8dbYZLyx0DCOPTAI3vNI\nEsuCl2XKlh05soQa+u3FBP2khzzSS7PTuwoRESl6DH8E3qhWR2+eGSKaoJ/wt3vd\nASPadwoQGwAjAy7gOlBiws6lLmHiWoesdoXXFGs/5VDckHifSZdc0yQxCVzhD0MM\nBk+H7G8o84rv9kr9w72JpZcXOImBBqqcb3vksvq8zaJTNgLymk3fk44qeWhOW8QZ\nIj3ObYcPk7h/QdDmyBSLaMkiGIayLME5tvKXlraak4KNSDtmK1hRIH4qCaN6IKrV\nTNZ4LAhT6Q6tCoPtxI9WFaLAa0BWlMgrxkNpQfxbPmejZiWVEcjOSDRTsN2Ev6eN\nr65vrqBIW8A9AcxSXI3H3+8=\n-----END CERTIFICATE-----\n",
      "type": "string"
    },
    "kubernetes_cluster_endpoint": {
      "value": "34.28.214.170",
      "type": "string"
    },
    "kubernetes_cluster_name": {
      "value": "devops-cluster",
      "type": "string"
    }
  },
  "resources": [
    {
      "mode": "managed",
      "type": "google_container_cluster",
      "name": "primary",
      "provider": "provider[\"registry.terraform.io/hashicorp/google\"]",
      "instances": [
        {
          "schema_version": 2,
          "attributes": {
            "addons_config": [
              {
                "cloudrun_config": [],
                "config_connector_config": [],
                "dns_cache_config": [],
                "gce_persistent_disk_csi_driver_config": [
                  {
                    "enabled": true
                  }
                ],
                "gcp_filestore_csi_driver_config": [],
                "gcs_fuse_csi_driver_config": [],
                "gke_backup_agent_config": [],
                "horizontal_pod_autoscaling": [
                  {
                    "disabled": false
                  }
                ],
                "http_load_balancing": [
                  {
                    "disabled": false
                  }
                ],
                "network_policy_config": [
                  {
                    "disabled": true
                  }
                ],
                "stateful_ha_config": []
              }
            ],
            "allow_net_admin": null,
            "authenticator_groups_config": [],
            "binary_authorization": [
              {
                "enabled": false,
                "evaluation_mode": ""
              }
            ],
            "cluster_autoscaling": [
              {
                "auto_provisioning_defaults": [],
                "autoscaling_profile": "BALANCED",
                "enabled": false,
                "resource_limits": []
              }
            ],
            "cluster_ipv4_cidr": "10.116.0.0/14",
            "confidential_nodes": [],
            "cost_management_config": [],
            "database_encryption": [
              {
                "key_name": "",
                "state": "DECRYPTED"
              }
            ],
            "datapath_provider": "",
            "default_max_pods_per_node": 110,
            "default_snat_status": [
              {
                "disabled": false
              }
            ],
            "deletion_protection": false,
            "description": "",
            "dns_config": [],
            "enable_autopilot": false,
            "enable_cilium_clusterwide_network_policy": false,
            "enable_intranode_visibility": false,
            "enable_k8s_beta_apis": [],
            "enable_kubernetes_alpha": false,
            "enable_l4_ilb_subsetting": false,
            "enable_legacy_abac": false,
            "enable_shielded_nodes": true,
            "enable_tpu": false,
            "endpoint": "34.28.214.170",
            "fleet": [],
            "gateway_api_config": [],
            "id": "projects/divine-precinct-428122-a7/locations/us-central1/clusters/devops-cluster",
            "identity_service_config": [],
            "initial_node_count": 1,
            "ip_allocation_policy": [
              {
                "additional_pod_ranges_config": [],
                "cluster_ipv4_cidr_block": "10.116.0.0/14",
                "cluster_secondary_range_name": "gke-devops-cluster-pods-3297a955",
                "pod_cidr_overprovision_config": [
                  {
                    "disabled": false
                  }
                ],
                "services_ipv4_cidr_block": "34.118.224.0/20",
                "services_secondary_range_name": "",
                "stack_type": "IPV4"
              }
            ],
            "label_fingerprint": "a9dc16a7",
            "location": "us-central1",
            "logging_config": [
              {
                "enable_components": [
                  "SYSTEM_COMPONENTS",
                  "WORKLOADS"
                ]
              }
            ],
            "logging_service": "logging.googleapis.com/kubernetes",
            "maintenance_policy": [],
            "master_auth": [
              {
                "client_certificate": "",
                "client_certificate_config": [
                  {
                    "issue_client_certificate": false
                  }
                ],
                "client_key": "",
                "cluster_ca_certificate": "LS0tLS1CRUdJTiBDRVJUSUZJQ0FURS0tLS0tCk1JSUVMVENDQXBXZ0F3SUJBZ0lSQU1Fd0RYcXdlK1JHb08rSVRpK3RPMkV3RFFZSktvWklodmNOQVFFTEJRQXcKTHpFdE1Dc0dBMVVFQXhNa1lqZzBOV1pqTnpRdFlqQXhaUzAwTlRkaExXRTRNelV0WVRFNE16ZzRaRE5sWmpCbQpNQ0FYRFRJME1EY3dNakV5TlRnek5Wb1lEekl3TlRRd05qSTFNVE0xT0RNMVdqQXZNUzB3S3dZRFZRUURFeVJpCk9EUTFabU0zTkMxaU1ERmxMVFExTjJFdFlUZ3pOUzFoTVRnek9EaGtNMlZtTUdZd2dnR2lNQTBHQ1NxR1NJYjMKRFFFQkFRVUFBNElCandBd2dnR0tBb0lCZ1FEUElKY2tiVXVVN3kra0lhZTN5RjZpaDFGbHpMOXNTN2Jralk2RgpQU1lWRGJtR1F0Nmw3Y3ZJVC9XYWlkd0FWK3RESDZ0Wk03aktvbWR5L2prSXZpUnRHUEJGVk9IVDlVQU9ZejFrCk1wdlliZjFDTFVwVDdMOW9KRHd4Sll6YzcxQm1KK2ZvSXRML1ZRYmloY3p3RlNxekJ2Rlo4WXphalBlTXNnZDkKZDVGU0ZaWUgvVWZ4YkxEYXVmNVV3QTBLT0xXcmkwSEt4WmRENVAzZVVoZ3lUM1RoQzFxWnZkRFh0YTJpclEyYgp1L1JKZG9INXY2REU4cTIzQVhJVGNpeGNiQ21iamhxelQ1SzdrbTBaOFZ4cEs4UjJUdlpuSWh0YllVSkFqdHdlCnVtNWVOVlBGOW4rb3NIcEYvYS9CK1dLR0F6MkZGTkhwN1p4QjRhMTE4dzBwWC9lUEQ0K2RqblgranBXYXZ0WTYKRmREZXhuZWd0b01xdTRYNy9BR2EwNzZVM01SRmlYbCs1akNOeWZNWUQ5R3pKc0kza2dhVVZ3clpyRkc4V241MgpUQjdNOGFJNVlQbW5FUDVzNGd5YlRXUm1oajlOMW1YemU2TXlGY3FaaFFLakZXMXpucFNtRWpGc291aHdNWVBnCjJra2hTc0oyb0FRUGlPK01DTTBsVCtuZ0xpVUNBd0VBQWFOQ01FQXdEZ1lEVlIwUEFRSC9CQVFEQWdJRU1BOEcKQTFVZEV3RUIvd1FGTUFNQkFmOHdIUVlEVlIwT0JCWUVGQWNEWHVjR0E1NFRSN3BXZTdQZVZyN3pMUGhITUEwRwpDU3FHU0liM0RRRUJDd1VBQTRJQmdRQVVBWHlZRGZ4ckRzWnUwZVp5SDVac0kvaG1GU2h6N0VKL1Nub0hWenJuCjhVa2dkNFpTTjVNUlI1MlhuUkRxL1crbXUwQnk3bmkyRlA5bFg1SUZyNGk3eGNhQzFnMUphYTVzWHZKRTdLZUwKeS9PbkZxNlliTEVSK3ErOXBtQWl5QTdDUjIwTFZKM1hUTXFxZ2hIL3V4cFU4ZGJZWkx5eDBEQ09QVEFJM3ZOSQpFc3VDbDJYS2xoMDVzb1FhK3UzRkJQMmtoenpTUzdQVHV3b1JFU2w2REg4RTNxaFdSMitlR1NLYW9KL3d0M3ZkCkFTUGFkd29RR3dBakF5N2dPbEJpd3M2bExtSGlXb2VzZG9YWEZHcy81VkRja0hpZlNaZGMweVF4Q1Z6aEQwTU0KQmsrSDdHOG84NHJ2OWtyOXc3MkpwWmNYT0ltQkJxcWNiM3Zrc3ZxOHphSlROZ0x5bWszZms0NHFlV2hPVzhRWgpJajNPYlljUGs3aC9RZERteUJTTGFNa2lHSWF5TE1FNXR2S1hscmFhazRLTlNEdG1LMWhSSUg0cUNhTjZJS3JWClROWjRMQWhUNlE2dENvUHR4STlXRmFMQWEwQldsTWdyeGtOcFFmeGJQbWVqWmlXVkVjak9TRFJUc04yRXY2ZU4KcjY1dnJxQklXOEE5QWN4U1hJM0gzKzg9Ci0tLS0tRU5EIENFUlRJRklDQVRFLS0tLS0K"
              }
            ],
            "master_authorized_networks_config": [],
            "master_version": "1.29.4-gke.1043002",
            "mesh_certificates": [],
            "min_master_version": "1.28",
            "monitoring_config": [
              {
                "advanced_datapath_observability_config": [
                  {
                    "enable_metrics": false,
                    "enable_relay": false,
                    "relay_mode": "DISABLED"
                  }
                ],
                "enable_components": [
                  "SYSTEM_COMPONENTS"
                ],
                "managed_prometheus": [
                  {
                    "enabled": true
                  }
                ]
              }
            ],
            "monitoring_service": "monitoring.googleapis.com/kubernetes",
            "name": "devops-cluster",
            "network": "projects/divine-precinct-428122-a7/global/networks/default",
            "network_policy": [
              {
                "enabled": false,
                "provider": "PROVIDER_UNSPECIFIED"
              }
            ],
            "networking_mode": "VPC_NATIVE",
            "node_config": [
              {
                "advanced_machine_features": [],
                "boot_disk_kms_key": "",
                "confidential_nodes": [],
                "containerd_config": [],
                "disk_size_gb": 20,
                "disk_type": "pd-balanced",
                "effective_taints": [],
                "enable_confidential_storage": false,
                "ephemeral_storage_local_ssd_config": [],
                "fast_socket": [],
                "gcfs_config": [],
                "guest_accelerator": [],
                "gvnic": [],
                "host_maintenance_policy": [],
                "image_type": "COS_CONTAINERD",
                "kubelet_config": [],
                "labels": {},
                "linux_node_config": [],
                "local_nvme_ssd_block_config": [],
                "local_ssd_count": 0,
                "logging_variant": "DEFAULT",
                "machine_type": "e2-medium",
                "metadata": {
                  "disable-legacy-endpoints": "true"
                },
                "min_cpu_platform": "",
                "node_group": "",
                "oauth_scopes": [
                  "https://www.googleapis.com/auth/devstorage.read_only",
                  "https://www.googleapis.com/auth/logging.write",
                  "https://www.googleapis.com/auth/monitoring",
                  "https://www.googleapis.com/auth/service.management.readonly",
                  "https://www.googleapis.com/auth/servicecontrol",
                  "https://www.googleapis.com/auth/trace.append"
                ],
                "preemptible": true,
                "reservation_affinity": [],
                "resource_labels": {},
                "resource_manager_tags": {},
                "secondary_boot_disks": [],
                "service_account": "default",
                "shielded_instance_config": [
                  {
                    "enable_integrity_monitoring": true,
                    "enable_secure_boot": false
                  }
                ],
                "sole_tenant_config": [],
                "spot": false,
                "tags": [],
                "taint": [],
                "workload_metadata_config": []
              }
            ],
            "node_locations": [
              "us-central1-a",
              "us-central1-c",
              "us-central1-f"
            ],
            "node_pool": [
              {
                "autoscaling": [],
                "initial_node_count": 1,
                "instance_group_urls": [
                  "https://www.googleapis.com/compute/v1/projects/divine-precinct-428122-a7/zones/us-central1-f/instanceGroupManagers/gke-devops-cluster-default-pool-e9e60e88-grp",
                  "https://www.googleapis.com/compute/v1/projects/divine-precinct-428122-a7/zones/us-central1-a/instanceGroupManagers/gke-devops-cluster-default-pool-7d2bed98-grp",
                  "https://www.googleapis.com/compute/v1/projects/divine-precinct-428122-a7/zones/us-central1-c/instanceGroupManagers/gke-devops-cluster-default-pool-791a5a44-grp"
                ],
                "managed_instance_group_urls": [
                  "https://www.googleapis.com/compute/v1/projects/divine-precinct-428122-a7/zones/us-central1-f/instanceGroups/gke-devops-cluster-default-pool-e9e60e88-grp",
                  "https://www.googleapis.com/compute/v1/projects/divine-precinct-428122-a7/zones/us-central1-a/instanceGroups/gke-devops-cluster-default-pool-7d2bed98-grp",
                  "https://www.googleapis.com/compute/v1/projects/divine-precinct-428122-a7/zones/us-central1-c/instanceGroups/gke-devops-cluster-default-pool-791a5a44-grp"
                ],
                "management": [
                  {
                    "auto_repair": true,
                    "auto_upgrade": true
                  }
                ],
                "max_pods_per_node": 110,
                "name": "default-pool",
                "name_prefix": "",
                "network_config": [
                  {
                    "create_pod_range": false,
                    "enable_private_nodes": false,
                    "network_performance_config": [],
                    "pod_cidr_overprovision_config": [],
                    "pod_ipv4_cidr_block": "10.116.0.0/14",
                    "pod_range": "gke-devops-cluster-pods-3297a955"
                  }
                ],
                "node_config": [
                  {
                    "advanced_machine_features": [],
                    "boot_disk_kms_key": "",
                    "confidential_nodes": [],
                    "containerd_config": [],
                    "disk_size_gb": 20,
                    "disk_type": "pd-balanced",
                    "effective_taints": [],
                    "enable_confidential_storage": false,
                    "ephemeral_storage_local_ssd_config": [],
                    "fast_socket": [],
                    "gcfs_config": [],
                    "guest_accelerator": [],
                    "gvnic": [],
                    "host_maintenance_policy": [],
                    "image_type": "COS_CONTAINERD",
                    "kubelet_config": [],
                    "labels": {},
                    "linux_node_config": [],
                    "local_nvme_ssd_block_config": [],
                    "local_ssd_count": 0,
                    "logging_variant": "DEFAULT",
                    "machine_type": "e2-medium",
                    "metadata": {
                      "disable-legacy-endpoints": "true"
                    },
                    "min_cpu_platform": "",
                    "node_group": "",
                    "oauth_scopes": [
                      "https://www.googleapis.com/auth/devstorage.read_only",
                      "https://www.googleapis.com/auth/logging.write",
                      "https://www.googleapis.com/auth/monitoring",
                      "https://www.googleapis.com/auth/service.management.readonly",
                      "https://www.googleapis.com/auth/servicecontrol",
                      "https://www.googleapis.com/auth/trace.append"
                    ],
                    "preemptible": true,
                    "reservation_affinity": [],
                    "resource_labels": {},
                    "resource_manager_tags": {},
                    "secondary_boot_disks": [],
                    "service_account": "default",
                    "shielded_instance_config": [
                      {
                        "enable_integrity_monitoring": true,
                        "enable_secure_boot": false
                      }
                    ],
                    "sole_tenant_config": [],
                    "spot": false,
                    "tags": [],
                    "taint": [],
                    "workload_metadata_config": []
                  }
                ],
                "node_count": 1,
                "node_locations": [
                  "us-central1-a",
                  "us-central1-c",
                  "us-central1-f"
                ],
                "placement_policy": [],
                "queued_provisioning": [],
                "upgrade_settings": [
                  {
                    "blue_green_settings": [],
                    "max_surge": 1,
                    "max_unavailable": 0,
                    "strategy": "SURGE"
                  }
                ],
                "version": "1.28.10-gke.1075000"
              }
            ],
            "node_pool_auto_config": [],
            "node_pool_defaults": [
              {
                "node_config_defaults": [
                  {
                    "containerd_config": [],
                    "logging_variant": "DEFAULT"
                  }
                ]
              }
            ],
            "node_version": "1.28.10-gke.1075000",
            "notification_config": [
              {
                "pubsub": [
                  {
                    "enabled": false,
                    "filter": [],
                    "topic": ""
                  }
                ]
              }
            ],
            "operation": null,
            "private_cluster_config": [
              {
                "enable_private_endpoint": false,
                "enable_private_nodes": false,
                "master_global_access_config": [
                  {
                    "enabled": false
                  }
                ],
                "master_ipv4_cidr_block": "",
                "peering_name": "",
                "private_endpoint": "10.128.0.2",
                "private_endpoint_subnetwork": "",
                "public_endpoint": "34.28.214.170"
              }
            ],
            "private_ipv6_google_access": "",
            "project": "divine-precinct-428122-a7",
            "release_channel": [
              {
                "channel": "REGULAR"
              }
            ],
            "remove_default_node_pool": null,
            "resource_labels": {},
            "resource_usage_export_config": [],
            "security_posture_config": [
              {
                "mode": "BASIC",
                "vulnerability_mode": "VULNERABILITY_MODE_UNSPECIFIED"
              }
            ],
            "self_link": "https://container.googleapis.com/v1/projects/divine-precinct-428122-a7/locations/us-central1/clusters/devops-cluster",
            "service_external_ips_config": [
              {
                "enabled": false
              }
            ],
            "services_ipv4_cidr": "34.118.224.0/20",
            "subnetwork": "projects/divine-precinct-428122-a7/regions/us-central1/subnetworks/default",
            "timeouts": null,
            "tpu_ipv4_cidr_block": "",
            "vertical_pod_autoscaling": [],
            "workload_identity_config": []
          },
          "sensitive_attributes": [
            [
              {
                "type": "get_attr",
                "value": "master_auth"
              },
              {
                "type": "index",
                "value": {
                  "value": 0,
                  "type": "number"
                }
              },
              {
                "type": "get_attr",
                "value": "client_key"
              }
            ]
          ],
          "private": "eyJlMmJmYjczMC1lY2FhLTExZTYtOGY4OC0zNDM2M2JjN2M0YzAiOnsiY3JlYXRlIjoyNDAwMDAwMDAwMDAwLCJkZWxldGUiOjI0MDAwMDAwMDAwMDAsInJlYWQiOjI0MDAwMDAwMDAwMDAsInVwZGF0ZSI6MzYwMDAwMDAwMDAwMH0sInNjaGVtYV92ZXJzaW9uIjoiMiJ9",
          "dependencies": [
            "google_project_service.container"
          ]
        }
      ]
    },
    {
      "mode": "managed",
      "type": "google_container_node_pool",
      "name": "primary_nodes",
      "provider": "provider[\"registry.terraform.io/hashicorp/google\"]",
      "instances": [
        {
          "status": "tainted",
          "schema_version": 1,
          "attributes": {
            "autoscaling": [],
            "cluster": "devops-cluster",
            "id": "projects/divine-precinct-428122-a7/locations/us-central1/clusters/devops-cluster/nodePools/primary-pool",
            "initial_node_count": null,
            "instance_group_urls": null,
            "location": "us-central1",
            "managed_instance_group_urls": null,
            "management": null,
            "max_pods_per_node": null,
            "name": "primary-pool",
            "name_prefix": null,
            "network_config": null,
            "node_config": [
              {
                "advanced_machine_features": [],
                "boot_disk_kms_key": "",
                "confidential_nodes": [],
                "containerd_config": [],
                "disk_size_gb": 20,
                "disk_type": "",
                "effective_taints": [],
                "enable_confidential_storage": false,
                "ephemeral_storage_local_ssd_config": [],
                "fast_socket": [],
                "gcfs_config": [],
                "guest_accelerator": [],
                "gvnic": [],
                "host_maintenance_policy": [],
                "image_type": "",
                "kubelet_config": [],
                "labels": {},
                "linux_node_config": [],
                "local_nvme_ssd_block_config": [],
                "local_ssd_count": 0,
                "logging_variant": "",
                "machine_type": "e2-medium",
                "metadata": {},
                "min_cpu_platform": "",
                "node_group": "",
                "oauth_scopes": [
                  "https://www.googleapis.com/auth/devstorage.read_only",
                  "https://www.googleapis.com/auth/logging.write",
                  "https://www.googleapis.com/auth/monitoring",
                  "https://www.googleapis.com/auth/service.management.readonly",
                  "https://www.googleapis.com/auth/servicecontrol",
                  "https://www.googleapis.com/auth/trace.append"
                ],
                "preemptible": true,
                "reservation_affinity": [],
                "resource_labels": null,
                "resource_manager_tags": null,
                "secondary_boot_disks": [],
                "service_account": "",
                "shielded_instance_config": [],
                "sole_tenant_config": [],
                "spot": false,
                "tags": null,
                "taint": [],
                "workload_metadata_config": []
              }
            ],
            "node_count": 2,
            "node_locations": [],
            "operation": null,
            "placement_policy": [],
            "project": "divine-precinct-428122-a7",
            "queued_provisioning": [],
            "timeouts": null,
            "upgrade_settings": null,
            "version": null
          },
          "sensitive_attributes": [],
          "private": "eyJlMmJmYjczMC1lY2FhLTExZTYtOGY4OC0zNDM2M2JjN2M0YzAiOnsiY3JlYXRlIjoxODAwMDAwMDAwMDAwLCJkZWxldGUiOjE4MDAwMDAwMDAwMDAsInVwZGF0ZSI6MTgwMDAwMDAwMDAwMH0sInNjaGVtYV92ZXJzaW9uIjoiMSJ9",
          "dependencies": [
            "google_container_cluster.primary",
            "google_project_service.container"
          ]
        }
      ]
    },
    {
      "mode": "managed",
      "type": "google_project_service",
      "name": "container",
      "provider": "provider[\"registry.terraform.io/hashicorp/google\"]",
      "instances": [
        {
          "schema_version": 0,
          "attributes": {
            "disable_dependent_services": null,
            "disable_on_destroy": true,
            "id": "divine-precinct-428122-a7/container.googleapis.com",
            "project": "divine-precinct-428122-a7",
            "service": "container.googleapis.com",
            "timeouts": null
          },
          "sensitive_attributes": [],
          "private": "eyJlMmJmYjczMC1lY2FhLTExZTYtOGY4OC0zNDM2M2JjN2M0YzAiOnsiY3JlYXRlIjoxMjAwMDAwMDAwMDAwLCJkZWxldGUiOjEyMDAwMDAwMDAwMDAsInJlYWQiOjYwMDAwMDAwMDAwMCwidXBkYXRlIjoxMjAwMDAwMDAwMDAwfX0="
        }
      ]
    }
  ],
  "check_results": null
}
