{
  "version": 4,
  "terraform_version": "1.9.0",
  "serial": 40,
  "lineage": "087116ab-722d-59f2-4fec-54ad3e9d3a5f",
  "outputs": {
    "kubernetes_cluster_ca_certificate": {
      "value": "-----BEGIN CERTIFICATE-----\nMIIELTCCApWgAwIBAgIRAPBOH9AQgqytQcXDcnI3nNowDQYJKoZIhvcNAQELBQAw\nLzEtMCsGA1UEAxMkNTg1ZWU5ZDktYzhhMS00ZjQ0LTlmYjgtNWNiM2MwYzRjNmQw\nMCAXDTI0MDcwMzE3NDMzNFoYDzIwNTQwNjI2MTg0MzM0WjAvMS0wKwYDVQQDEyQ1\nODVlZTlkOS1jOGExLTRmNDQtOWZiOC01Y2IzYzBjNGM2ZDAwggGiMA0GCSqGSIb3\nDQEBAQUAA4IBjwAwggGKAoIBgQCtP7zRNU3ZydmT/oFH0um3XE7LfFj3bYOsb8cV\n8Zt8GVvEYD4AUgNKwYdJjBwm7AHroB+hqjSG55vN65q77EVDBlHAi5w5O5Oi1C7j\ndw2wdR0JRzgLZZzlwkb+6BHnfGzmWxjcQCadMIivl/B0hiCn8xtCFFW65t3tXbXg\ncmFqNKd7VutcAD2zTRjrHNixqCaLOjV4uMeufmYk9jE7WY8GxjJQPwlTKSMRezz1\nugnVXwC0f54OqF8bwmytE04+WHuVpIJcAm4wwBUadhuz2MAHLXbQa32R3yTOnGai\nH9PIS5i9D4adNMim57I3jRgpaeH7VSbldqCRP/R0MsUt9y6Ka+OdmCHwn8qqPtK7\nZjXgJw0ER81pfXVT5ffe+L5YbO6FbmF9ztOkP2/CZtJBCexcZulXuRspOKUp3ph9\nvHf9LD30F2NXsR6hGN2Sf4LC9439eERLjQdX9ONxi3AOjtcvh3h2B4VsUCmhq6N8\nuGFAJFIeJl8EZh/OPil926hhH+MCAwEAAaNCMEAwDgYDVR0PAQH/BAQDAgIEMA8G\nA1UdEwEB/wQFMAMBAf8wHQYDVR0OBBYEFEQ9lurcmQAjuSdBCDe7PkIEgQpGMA0G\nCSqGSIb3DQEBCwUAA4IBgQBjEqE7annqCxqFj3UeLFrJzpS9ccZ5V2DXszN64cRo\npkCgxC2f3iX20zFAKJajcQjQEErtI349GMdUe/nO91Ku2taM+apYtCQlNhFXfo00\nYOSvfLYzp0GIfxW1Qgx8jU4cVj5Yv9Hjesx9n4Kw20KfVkRjWUK50lXSSOjDEj2u\nh1av/y+aMOxZH5EZaFeitzHWfQ4g4fPF1fIzAe2h8PiJeqY9OK83Ksvb7VwbCSnZ\n9anEkWmb8AwHzhu3UIVhPzY0bDBqas2PJl20VyDG7yESro7fmmOnqxioGDcUJ3Nc\nCjgbFWuoEREPaVs3gElfnNG4bTDebgfkMl/FNZ/AHs81oIdFu6elbVimc1uH5Rr2\nSGT3c2ptizUN8qRs9YBji4rJ7yk58lYBLPNibim7K8jqzuy2kvujHgOiB6cThgMC\nupgzBCbrPc7i5FcjrptK/7x2lmSbeuTkJmO2gpw0jr8HtnSZJ20zPrIFMFNtNqSe\nR+CJAeR6tLHQzZydkpx51G4=\n-----END CERTIFICATE-----\n",
      "type": "string"
    },
    "kubernetes_cluster_endpoint": {
      "value": "34.69.221.122",
      "type": "string"
    },
    "kubernetes_cluster_name": {
      "value": "devops-cluster",
      "type": "string"
    }
  },
  "resources": [
    {
      "mode": "managed",
      "type": "google_container_cluster",
      "name": "primary",
      "provider": "provider[\"registry.terraform.io/hashicorp/google\"]",
      "instances": [
        {
          "schema_version": 2,
          "attributes": {
            "addons_config": [
              {
                "cloudrun_config": [],
                "config_connector_config": [],
                "dns_cache_config": [],
                "gce_persistent_disk_csi_driver_config": [
                  {
                    "enabled": true
                  }
                ],
                "gcp_filestore_csi_driver_config": [],
                "gcs_fuse_csi_driver_config": [],
                "gke_backup_agent_config": [],
                "horizontal_pod_autoscaling": [
                  {
                    "disabled": false
                  }
                ],
                "http_load_balancing": [
                  {
                    "disabled": false
                  }
                ],
                "network_policy_config": [
                  {
                    "disabled": true
                  }
                ],
                "stateful_ha_config": []
              }
            ],
            "allow_net_admin": null,
            "authenticator_groups_config": [],
            "binary_authorization": [
              {
                "enabled": false,
                "evaluation_mode": ""
              }
            ],
            "cluster_autoscaling": [
              {
                "auto_provisioning_defaults": [],
                "autoscaling_profile": "BALANCED",
                "enabled": false,
                "resource_limits": []
              }
            ],
            "cluster_ipv4_cidr": "10.100.0.0/14",
            "confidential_nodes": [],
            "cost_management_config": [],
            "database_encryption": [
              {
                "key_name": "",
                "state": "DECRYPTED"
              }
            ],
            "datapath_provider": "",
            "default_max_pods_per_node": 110,
            "default_snat_status": [
              {
                "disabled": false
              }
            ],
            "deletion_protection": false,
            "description": "",
            "dns_config": [],
            "enable_autopilot": false,
            "enable_cilium_clusterwide_network_policy": false,
            "enable_intranode_visibility": false,
            "enable_k8s_beta_apis": [],
            "enable_kubernetes_alpha": false,
            "enable_l4_ilb_subsetting": false,
            "enable_legacy_abac": false,
            "enable_shielded_nodes": true,
            "enable_tpu": false,
            "endpoint": "34.69.221.122",
            "fleet": [],
            "gateway_api_config": [],
            "id": "projects/divine-precinct-428122-a7/locations/us-central1/clusters/devops-cluster",
            "identity_service_config": [],
            "initial_node_count": 1,
            "ip_allocation_policy": [
              {
                "additional_pod_ranges_config": [],
                "cluster_ipv4_cidr_block": "10.100.0.0/14",
                "cluster_secondary_range_name": "gke-devops-cluster-pods-358bdb45",
                "pod_cidr_overprovision_config": [
                  {
                    "disabled": false
                  }
                ],
                "services_ipv4_cidr_block": "10.117.48.0/20",
                "services_secondary_range_name": "gke-devops-cluster-services-358bdb45",
                "stack_type": "IPV4"
              }
            ],
            "label_fingerprint": "a9dc16a7",
            "location": "us-central1",
            "logging_config": [
              {
                "enable_components": [
                  "SYSTEM_COMPONENTS",
                  "WORKLOADS"
                ]
              }
            ],
            "logging_service": "logging.googleapis.com/kubernetes",
            "maintenance_policy": [],
            "master_auth": [
              {
                "client_certificate": "",
                "client_certificate_config": [
                  {
                    "issue_client_certificate": false
                  }
                ],
                "client_key": "",
                "cluster_ca_certificate": "LS0tLS1CRUdJTiBDRVJUSUZJQ0FURS0tLS0tCk1JSUVMVENDQXBXZ0F3SUJBZ0lSQVBCT0g5QVFncXl0UWNYRGNuSTNuTm93RFFZSktvWklodmNOQVFFTEJRQXcKTHpFdE1Dc0dBMVVFQXhNa05UZzFaV1U1WkRrdFl6aGhNUzAwWmpRMExUbG1Zamd0TldOaU0yTXdZelJqTm1RdwpNQ0FYRFRJME1EY3dNekUzTkRNek5Gb1lEekl3TlRRd05qSTJNVGcwTXpNMFdqQXZNUzB3S3dZRFZRUURFeVExCk9EVmxaVGxrT1Mxak9HRXhMVFJtTkRRdE9XWmlPQzAxWTJJell6QmpOR00yWkRBd2dnR2lNQTBHQ1NxR1NJYjMKRFFFQkFRVUFBNElCandBd2dnR0tBb0lCZ1FDdFA3elJOVTNaeWRtVC9vRkgwdW0zWEU3TGZGajNiWU9zYjhjVgo4WnQ4R1Z2RVlENEFVZ05Ld1lkSmpCd203QUhyb0IraHFqU0c1NXZONjVxNzdFVkRCbEhBaTV3NU81T2kxQzdqCmR3MndkUjBKUnpnTFpaemx3a2IrNkJIbmZHem1XeGpjUUNhZE1JaXZsL0IwaGlDbjh4dENGRlc2NXQzdFhiWGcKY21GcU5LZDdWdXRjQUQyelRSanJITml4cUNhTE9qVjR1TWV1Zm1ZazlqRTdXWThHeGpKUVB3bFRLU01SZXp6MQp1Z25WWHdDMGY1NE9xRjhid215dEUwNCtXSHVWcElKY0FtNHd3QlVhZGh1ejJNQUhMWGJRYTMyUjN5VE9uR2FpCkg5UElTNWk5RDRhZE5NaW01N0kzalJncGFlSDdWU2JsZHFDUlAvUjBNc1V0OXk2S2ErT2RtQ0h3bjhxcVB0SzcKWmpYZ0p3MEVSODFwZlhWVDVmZmUrTDVZYk82RmJtRjl6dE9rUDIvQ1p0SkJDZXhjWnVsWHVSc3BPS1VwM3BoOQp2SGY5TEQzMEYyTlhzUjZoR04yU2Y0TEM5NDM5ZUVSTGpRZFg5T054aTNBT2p0Y3ZoM2gyQjRWc1VDbWhxNk44CnVHRkFKRkllSmw4RVpoL09QaWw5MjZoaEgrTUNBd0VBQWFOQ01FQXdEZ1lEVlIwUEFRSC9CQVFEQWdJRU1BOEcKQTFVZEV3RUIvd1FGTUFNQkFmOHdIUVlEVlIwT0JCWUVGRVE5bHVyY21RQWp1U2RCQ0RlN1BrSUVnUXBHTUEwRwpDU3FHU0liM0RRRUJDd1VBQTRJQmdRQmpFcUU3YW5ucUN4cUZqM1VlTEZySnpwUzljY1o1VjJEWHN6TjY0Y1JvCnBrQ2d4QzJmM2lYMjB6RkFLSmFqY1FqUUVFcnRJMzQ5R01kVWUvbk85MUt1MnRhTSthcFl0Q1FsTmhGWGZvMDAKWU9TdmZMWXpwMEdJZnhXMVFneDhqVTRjVmo1WXY5SGplc3g5bjRLdzIwS2ZWa1JqV1VLNTBsWFNTT2pERWoydQpoMWF2L3krYU1PeFpINUVaYUZlaXR6SFdmUTRnNGZQRjFmSXpBZTJoOFBpSmVxWTlPSzgzS3N2YjdWd2JDU25aCjlhbkVrV21iOEF3SHpodTNVSVZoUHpZMGJEQnFhczJQSmwyMFZ5REc3eUVTcm83Zm1tT25xeGlvR0RjVUozTmMKQ2pnYkZXdW9FUkVQYVZzM2dFbGZuTkc0YlREZWJnZmtNbC9GTlovQUhzODFvSWRGdTZlbGJWaW1jMXVINVJyMgpTR1QzYzJwdGl6VU44cVJzOVlCamk0cko3eWs1OGxZQkxQTmliaW03SzhqcXp1eTJrdnVqSGdPaUI2Y1RoZ01DCnVwZ3pCQ2JyUGM3aTVGY2pycHRLLzd4MmxtU2JldVRrSm1PMmdwdzBqcjhIdG5TWkoyMHpQcklGTUZOdE5xU2UKUitDSkFlUjZ0TEhRelp5ZGtweDUxRzQ9Ci0tLS0tRU5EIENFUlRJRklDQVRFLS0tLS0K"
              }
            ],
            "master_authorized_networks_config": [],
            "master_version": "1.28.9-gke.1289002",
            "mesh_certificates": [],
            "min_master_version": "1.28",
            "monitoring_config": [
              {
                "advanced_datapath_observability_config": [
                  {
                    "enable_metrics": false,
                    "enable_relay": false,
                    "relay_mode": "DISABLED"
                  }
                ],
                "enable_components": [
                  "SYSTEM_COMPONENTS"
                ],
                "managed_prometheus": [
                  {
                    "enabled": true
                  }
                ]
              }
            ],
            "monitoring_service": "monitoring.googleapis.com/kubernetes",
            "name": "devops-cluster",
            "network": "projects/divine-precinct-428122-a7/global/networks/default",
            "network_policy": [
              {
                "enabled": false,
                "provider": "PROVIDER_UNSPECIFIED"
              }
            ],
            "networking_mode": "VPC_NATIVE",
            "node_config": [
              {
                "advanced_machine_features": [],
                "boot_disk_kms_key": "",
                "confidential_nodes": [],
                "containerd_config": [],
                "disk_size_gb": 20,
                "disk_type": "pd-balanced",
                "effective_taints": [],
                "enable_confidential_storage": false,
                "ephemeral_storage_local_ssd_config": [],
                "fast_socket": [],
                "gcfs_config": [],
                "guest_accelerator": [],
                "gvnic": [],
                "host_maintenance_policy": [],
                "image_type": "COS_CONTAINERD",
                "kubelet_config": [],
                "labels": {},
                "linux_node_config": [],
                "local_nvme_ssd_block_config": [],
                "local_ssd_count": 0,
                "logging_variant": "DEFAULT",
                "machine_type": "e2-medium",
                "metadata": {
                  "disable-legacy-endpoints": "true"
                },
                "min_cpu_platform": "",
                "node_group": "",
                "oauth_scopes": [
                  "https://www.googleapis.com/auth/devstorage.read_only",
                  "https://www.googleapis.com/auth/logging.write",
                  "https://www.googleapis.com/auth/monitoring",
                  "https://www.googleapis.com/auth/service.management.readonly",
                  "https://www.googleapis.com/auth/servicecontrol",
                  "https://www.googleapis.com/auth/trace.append"
                ],
                "preemptible": true,
                "reservation_affinity": [],
                "resource_labels": null,
                "resource_manager_tags": null,
                "secondary_boot_disks": [],
                "service_account": "default",
                "shielded_instance_config": [
                  {
                    "enable_integrity_monitoring": true,
                    "enable_secure_boot": false
                  }
                ],
                "sole_tenant_config": [],
                "spot": false,
                "tags": null,
                "taint": [],
                "workload_metadata_config": []
              }
            ],
            "node_locations": [
              "us-central1-a",
              "us-central1-b",
              "us-central1-f"
            ],
            "node_pool": [
              {
                "autoscaling": [],
                "initial_node_count": 1,
                "instance_group_urls": [
                  "https://www.googleapis.com/compute/v1/projects/divine-precinct-428122-a7/zones/us-central1-b/instanceGroupManagers/gke-devops-cluster-default-pool-168933a8-grp",
                  "https://www.googleapis.com/compute/v1/projects/divine-precinct-428122-a7/zones/us-central1-a/instanceGroupManagers/gke-devops-cluster-default-pool-d8c4c337-grp",
                  "https://www.googleapis.com/compute/v1/projects/divine-precinct-428122-a7/zones/us-central1-f/instanceGroupManagers/gke-devops-cluster-default-pool-663deb17-grp"
                ],
                "managed_instance_group_urls": [
                  "https://www.googleapis.com/compute/v1/projects/divine-precinct-428122-a7/zones/us-central1-b/instanceGroups/gke-devops-cluster-default-pool-168933a8-grp",
                  "https://www.googleapis.com/compute/v1/projects/divine-precinct-428122-a7/zones/us-central1-a/instanceGroups/gke-devops-cluster-default-pool-d8c4c337-grp",
                  "https://www.googleapis.com/compute/v1/projects/divine-precinct-428122-a7/zones/us-central1-f/instanceGroups/gke-devops-cluster-default-pool-663deb17-grp"
                ],
                "management": [
                  {
                    "auto_repair": true,
                    "auto_upgrade": true
                  }
                ],
                "max_pods_per_node": 110,
                "name": "default-pool",
                "name_prefix": "",
                "network_config": [
                  {
                    "create_pod_range": false,
                    "enable_private_nodes": false,
                    "network_performance_config": [],
                    "pod_cidr_overprovision_config": [],
                    "pod_ipv4_cidr_block": "10.100.0.0/14",
                    "pod_range": "gke-devops-cluster-pods-358bdb45"
                  }
                ],
                "node_config": [
                  {
                    "advanced_machine_features": [],
                    "boot_disk_kms_key": "",
                    "confidential_nodes": [],
                    "containerd_config": [],
                    "disk_size_gb": 20,
                    "disk_type": "pd-balanced",
                    "effective_taints": [],
                    "enable_confidential_storage": false,
                    "ephemeral_storage_local_ssd_config": [],
                    "fast_socket": [],
                    "gcfs_config": [],
                    "guest_accelerator": [],
                    "gvnic": [],
                    "host_maintenance_policy": [],
                    "image_type": "COS_CONTAINERD",
                    "kubelet_config": [],
                    "labels": {},
                    "linux_node_config": [],
                    "local_nvme_ssd_block_config": [],
                    "local_ssd_count": 0,
                    "logging_variant": "DEFAULT",
                    "machine_type": "e2-medium",
                    "metadata": {
                      "disable-legacy-endpoints": "true"
                    },
                    "min_cpu_platform": "",
                    "node_group": "",
                    "oauth_scopes": [
                      "https://www.googleapis.com/auth/devstorage.read_only",
                      "https://www.googleapis.com/auth/logging.write",
                      "https://www.googleapis.com/auth/monitoring",
                      "https://www.googleapis.com/auth/service.management.readonly",
                      "https://www.googleapis.com/auth/servicecontrol",
                      "https://www.googleapis.com/auth/trace.append"
                    ],
                    "preemptible": true,
                    "reservation_affinity": [],
                    "resource_labels": {},
                    "resource_manager_tags": {},
                    "secondary_boot_disks": [],
                    "service_account": "default",
                    "shielded_instance_config": [
                      {
                        "enable_integrity_monitoring": true,
                        "enable_secure_boot": false
                      }
                    ],
                    "sole_tenant_config": [],
                    "spot": false,
                    "tags": [],
                    "taint": [],
                    "workload_metadata_config": []
                  }
                ],
                "node_count": 1,
                "node_locations": [
                  "us-central1-a",
                  "us-central1-b",
                  "us-central1-f"
                ],
                "placement_policy": [],
                "queued_provisioning": [],
                "upgrade_settings": [
                  {
                    "blue_green_settings": [],
                    "max_surge": 1,
                    "max_unavailable": 0,
                    "strategy": "SURGE"
                  }
                ],
                "version": "1.28.9-gke.1289002"
              }
            ],
            "node_pool_auto_config": [],
            "node_pool_defaults": [
              {
                "node_config_defaults": [
                  {
                    "containerd_config": [],
                    "logging_variant": "DEFAULT"
                  }
                ]
              }
            ],
            "node_version": "1.28.9-gke.1289002",
            "notification_config": [
              {
                "pubsub": [
                  {
                    "enabled": false,
                    "filter": [],
                    "topic": ""
                  }
                ]
              }
            ],
            "operation": null,
            "private_cluster_config": [
              {
                "enable_private_endpoint": false,
                "enable_private_nodes": false,
                "master_global_access_config": [
                  {
                    "enabled": false
                  }
                ],
                "master_ipv4_cidr_block": "",
                "peering_name": "",
                "private_endpoint": "10.128.15.192",
                "private_endpoint_subnetwork": "",
                "public_endpoint": "34.69.221.122"
              }
            ],
            "private_ipv6_google_access": "",
            "project": "divine-precinct-428122-a7",
            "release_channel": [
              {
                "channel": "STABLE"
              }
            ],
            "remove_default_node_pool": null,
            "resource_labels": null,
            "resource_usage_export_config": [],
            "security_posture_config": [
              {
                "mode": "BASIC",
                "vulnerability_mode": "VULNERABILITY_MODE_UNSPECIFIED"
              }
            ],
            "self_link": "https://container.googleapis.com/v1/projects/divine-precinct-428122-a7/locations/us-central1/clusters/devops-cluster",
            "service_external_ips_config": [
              {
                "enabled": false
              }
            ],
            "services_ipv4_cidr": "10.117.48.0/20",
            "subnetwork": "projects/divine-precinct-428122-a7/regions/us-central1/subnetworks/default",
            "timeouts": null,
            "tpu_ipv4_cidr_block": "",
            "vertical_pod_autoscaling": [],
            "workload_identity_config": []
          },
          "sensitive_attributes": [
            [
              {
                "type": "get_attr",
                "value": "master_auth"
              },
              {
                "type": "index",
                "value": {
                  "value": 0,
                  "type": "number"
                }
              },
              {
                "type": "get_attr",
                "value": "client_key"
              }
            ]
          ],
          "private": "eyJlMmJmYjczMC1lY2FhLTExZTYtOGY4OC0zNDM2M2JjN2M0YzAiOnsiY3JlYXRlIjoyNDAwMDAwMDAwMDAwLCJkZWxldGUiOjI0MDAwMDAwMDAwMDAsInJlYWQiOjI0MDAwMDAwMDAwMDAsInVwZGF0ZSI6MzYwMDAwMDAwMDAwMH0sInNjaGVtYV92ZXJzaW9uIjoiMiJ9",
          "dependencies": [
            "google_project_service.container"
          ]
        }
      ]
    },
    {
      "mode": "managed",
      "type": "google_project_service",
      "name": "container",
      "provider": "provider[\"registry.terraform.io/hashicorp/google\"]",
      "instances": [
        {
          "schema_version": 0,
          "attributes": {
            "disable_dependent_services": null,
            "disable_on_destroy": true,
            "id": "divine-precinct-428122-a7/container.googleapis.com",
            "project": "divine-precinct-428122-a7",
            "service": "container.googleapis.com",
            "timeouts": null
          },
          "sensitive_attributes": [],
          "private": "eyJlMmJmYjczMC1lY2FhLTExZTYtOGY4OC0zNDM2M2JjN2M0YzAiOnsiY3JlYXRlIjoxMjAwMDAwMDAwMDAwLCJkZWxldGUiOjEyMDAwMDAwMDAwMDAsInJlYWQiOjYwMDAwMDAwMDAwMCwidXBkYXRlIjoxMjAwMDAwMDAwMDAwfX0="
        }
      ]
    }
  ],
  "check_results": null
}
