{
  "version": 4,
  "terraform_version": "1.9.0",
  "serial": 52,
  "lineage": "087116ab-722d-59f2-4fec-54ad3e9d3a5f",
  "outputs": {
    "kubernetes_cluster_ca_certificate": {
      "value": "-----BEGIN CERTIFICATE-----\nMIIELTCCApWgAwIBAgIRAI5xTYEYo0iMHSq+h0p/YXswDQYJKoZIhvcNAQELBQAw\nLzEtMCsGA1UEAxMkZDA2MWE0M2ItYjc3NC00MjExLTlkNjktMGIzNTE5ZDBkYmZl\nMCAXDTI0MDcxMzE5NTIwMloYDzIwNTQwNzA2MjA1MjAyWjAvMS0wKwYDVQQDEyRk\nMDYxYTQzYi1iNzc0LTQyMTEtOWQ2OS0wYjM1MTlkMGRiZmUwggGiMA0GCSqGSIb3\nDQEBAQUAA4IBjwAwggGKAoIBgQDbwiUSAglpUQY6vHD6eWojfNymi/AvoemCdA8W\nuAPOiLjhOWUgSBNN8hjXRRWfTz+Q9iQTfxBW9OJ9vgoSZAidAJfVZH/K+811Nev6\nJgjoTO4iNkYss11wWwF5WGz5ueTZ7RvnFMfJ0KQe7uYL62frQ+XilO7KJvCnaN9B\n/WLvGmyfhE7BbLYZS3H+AhroNS2q9D2/kQJW9wV6P0+fm/Edhf7nK69AyUTnvPw+\n/THfjgpan1LUH3YREVj4UYUxbZqMJw5rk+sST7ak060a3jxyM1KElOSiAZDn5YQD\nQYH2gL9SN+yRa2nfy2xt7DFxRgB/7dz6XnYd4zFSEffWueTe3YV18hTf7vcJOARJ\nxrkAKkaEobNalU8Nxx5zTFKapIdSR9NVKQ3VDAkWoVuSJPbHzl4of108A6Sk41Il\n3M+M8sunUG/rlz6pBQnPq/AnUNJwVMYRxFL3ad9dvPeXmmL7D0lVhtjFM3mecAaZ\niCSa20xfT+xgRJg84Y2VTF7dbjMCAwEAAaNCMEAwDgYDVR0PAQH/BAQDAgIEMA8G\nA1UdEwEB/wQFMAMBAf8wHQYDVR0OBBYEFFCs3q1v6Vf0yat8vMwRU+G+HLTSMA0G\nCSqGSIb3DQEBCwUAA4IBgQBRI+LsCu8h7wwVSQcQiNuR/iYsaz2C9fZsQwjUFSnL\ndCDPhJ6wOxXru/xr1ljuKFOl0P3jU104VNPfBWshvD4V9rxOm2yYCo9U1bN+zo49\niH5GZVe70EsOD98G7ntY3Erh2ogZmcILFqjdYTVdu3yd/nsVu08byFR0Z2nv3ZNa\nfDPXarpI/Usp1AnN6fO4gS/VC+xDnKmbSmXnDC7YD0gTrVxD5W/288UxkUasBD6g\nvv8OKfPw57IjKGvOmWqW3iDW0Qvtl+Of2dGnBICBD09gGtt4snHfdR/HMapfyL5K\nwX4LZfF9KS7/Zzo+HTWsxcNe1V6Ct5FB85DbLJQiu0lE28wPQslDDInsw94Ja0dH\nySuBZO4+iZWP0+LB8dtGhGi+dOk/HjKCnegI1qemMARMjlkkZbJ4YK0O5XAjzX0U\nCHd94L5XG92IJFfLZ+CX4i4mQXTQrtEjlSffRwImxX1uWB312wGCjCg4c6tcUPX5\nfKLpXdiQ2v1ssQQm4HB7CFY=\n-----END CERTIFICATE-----\n",
      "type": "string"
    },
    "kubernetes_cluster_endpoint": {
      "value": "34.173.118.176",
      "type": "string"
    },
    "kubernetes_cluster_name": {
      "value": "devops-cluster",
      "type": "string"
    }
  },
  "resources": [
    {
      "mode": "managed",
      "type": "google_container_cluster",
      "name": "primary",
      "provider": "provider[\"registry.terraform.io/hashicorp/google\"]",
      "instances": [
        {
          "schema_version": 2,
          "attributes": {
            "addons_config": [
              {
                "cloudrun_config": [],
                "config_connector_config": [],
                "dns_cache_config": [],
                "gce_persistent_disk_csi_driver_config": [
                  {
                    "enabled": true
                  }
                ],
                "gcp_filestore_csi_driver_config": [],
                "gcs_fuse_csi_driver_config": [],
                "gke_backup_agent_config": [],
                "horizontal_pod_autoscaling": [
                  {
                    "disabled": false
                  }
                ],
                "http_load_balancing": [
                  {
                    "disabled": false
                  }
                ],
                "network_policy_config": [
                  {
                    "disabled": true
                  }
                ],
                "stateful_ha_config": []
              }
            ],
            "allow_net_admin": null,
            "authenticator_groups_config": [],
            "binary_authorization": [
              {
                "enabled": false,
                "evaluation_mode": ""
              }
            ],
            "cluster_autoscaling": [
              {
                "auto_provisioning_defaults": [],
                "autoscaling_profile": "BALANCED",
                "enabled": false,
                "resource_limits": []
              }
            ],
            "cluster_ipv4_cidr": "10.56.0.0/14",
            "confidential_nodes": [],
            "cost_management_config": [],
            "database_encryption": [
              {
                "key_name": "",
                "state": "DECRYPTED"
              }
            ],
            "datapath_provider": "",
            "default_max_pods_per_node": 110,
            "default_snat_status": [
              {
                "disabled": false
              }
            ],
            "deletion_protection": false,
            "description": "",
            "dns_config": [],
            "enable_autopilot": false,
            "enable_cilium_clusterwide_network_policy": false,
            "enable_intranode_visibility": false,
            "enable_k8s_beta_apis": [],
            "enable_kubernetes_alpha": false,
            "enable_l4_ilb_subsetting": false,
            "enable_legacy_abac": false,
            "enable_shielded_nodes": true,
            "enable_tpu": false,
            "endpoint": "34.173.118.176",
            "fleet": [],
            "gateway_api_config": [],
            "id": "projects/divine-precinct-428122-a7/locations/us-central1/clusters/devops-cluster",
            "identity_service_config": [],
            "initial_node_count": 1,
            "ip_allocation_policy": [
              {
                "additional_pod_ranges_config": [],
                "cluster_ipv4_cidr_block": "10.56.0.0/14",
                "cluster_secondary_range_name": "gke-devops-cluster-pods-315fde05",
                "pod_cidr_overprovision_config": [
                  {
                    "disabled": false
                  }
                ],
                "services_ipv4_cidr_block": "10.3.240.0/20",
                "services_secondary_range_name": "gke-devops-cluster-services-315fde05",
                "stack_type": "IPV4"
              }
            ],
            "label_fingerprint": "a9dc16a7",
            "location": "us-central1",
            "logging_config": [
              {
                "enable_components": [
                  "SYSTEM_COMPONENTS",
                  "WORKLOADS"
                ]
              }
            ],
            "logging_service": "logging.googleapis.com/kubernetes",
            "maintenance_policy": [],
            "master_auth": [
              {
                "client_certificate": "",
                "client_certificate_config": [
                  {
                    "issue_client_certificate": false
                  }
                ],
                "client_key": "",
                "cluster_ca_certificate": "LS0tLS1CRUdJTiBDRVJUSUZJQ0FURS0tLS0tCk1JSUVMVENDQXBXZ0F3SUJBZ0lSQUk1eFRZRVlvMGlNSFNxK2gwcC9ZWHN3RFFZSktvWklodmNOQVFFTEJRQXcKTHpFdE1Dc0dBMVVFQXhNa1pEQTJNV0UwTTJJdFlqYzNOQzAwTWpFeExUbGtOamt0TUdJek5URTVaREJrWW1abApNQ0FYRFRJME1EY3hNekU1TlRJd01sb1lEekl3TlRRd056QTJNakExTWpBeVdqQXZNUzB3S3dZRFZRUURFeVJrCk1EWXhZVFF6WWkxaU56YzBMVFF5TVRFdE9XUTJPUzB3WWpNMU1UbGtNR1JpWm1Vd2dnR2lNQTBHQ1NxR1NJYjMKRFFFQkFRVUFBNElCandBd2dnR0tBb0lCZ1FEYndpVVNBZ2xwVVFZNnZIRDZlV29qZk55bWkvQXZvZW1DZEE4Vwp1QVBPaUxqaE9XVWdTQk5OOGhqWFJSV2ZUeitROWlRVGZ4Qlc5T0o5dmdvU1pBaWRBSmZWWkgvSys4MTFOZXY2Ckpnam9UTzRpTmtZc3MxMXdXd0Y1V0d6NXVlVFo3UnZuRk1mSjBLUWU3dVlMNjJmclErWGlsTzdLSnZDbmFOOUIKL1dMdkdteWZoRTdCYkxZWlMzSCtBaHJvTlMycTlEMi9rUUpXOXdWNlAwK2ZtL0VkaGY3bks2OUF5VVRudlB3KwovVEhmamdwYW4xTFVIM1lSRVZqNFVZVXhiWnFNSnc1cmsrc1NUN2FrMDYwYTNqeHlNMUtFbE9TaUFaRG41WVFEClFZSDJnTDlTTit5UmEybmZ5Mnh0N0RGeFJnQi83ZHo2WG5ZZDR6RlNFZmZXdWVUZTNZVjE4aFRmN3ZjSk9BUkoKeHJrQUtrYUVvYk5hbFU4Tnh4NXpURkthcElkU1I5TlZLUTNWREFrV29WdVNKUGJIemw0b2YxMDhBNlNrNDFJbAozTStNOHN1blVHL3JsejZwQlFuUHEvQW5VTkp3Vk1ZUnhGTDNhZDlkdlBlWG1tTDdEMGxWaHRqRk0zbWVjQWFaCmlDU2EyMHhmVCt4Z1JKZzg0WTJWVEY3ZGJqTUNBd0VBQWFOQ01FQXdEZ1lEVlIwUEFRSC9CQVFEQWdJRU1BOEcKQTFVZEV3RUIvd1FGTUFNQkFmOHdIUVlEVlIwT0JCWUVGRkNzM3ExdjZWZjB5YXQ4dk13UlUrRytITFRTTUEwRwpDU3FHU0liM0RRRUJDd1VBQTRJQmdRQlJJK0xzQ3U4aDd3d1ZTUWNRaU51Ui9pWXNhejJDOWZac1F3alVGU25MCmRDRFBoSjZ3T3hYcnUveHIxbGp1S0ZPbDBQM2pVMTA0Vk5QZkJXc2h2RDRWOXJ4T20yeVlDbzlVMWJOK3pvNDkKaUg1R1pWZTcwRXNPRDk4RzdudFkzRXJoMm9nWm1jSUxGcWpkWVRWZHUzeWQvbnNWdTA4YnlGUjBaMm52M1pOYQpmRFBYYXJwSS9Vc3AxQW5ONmZPNGdTL1ZDK3hEbkttYlNtWG5EQzdZRDBnVHJWeEQ1Vy8yODhVeGtVYXNCRDZnCnZ2OE9LZlB3NTdJaktHdk9tV3FXM2lEVzBRdnRsK09mMmRHbkJJQ0JEMDlnR3R0NHNuSGZkUi9ITWFwZnlMNUsKd1g0TFpmRjlLUzcvWnpvK0hUV3N4Y05lMVY2Q3Q1RkI4NURiTEpRaXUwbEUyOHdQUXNsRERJbnN3OTRKYTBkSAp5U3VCWk80K2laV1AwK0xCOGR0R2hHaStkT2svSGpLQ25lZ0kxcWVtTUFSTWpsa2taYko0WUswTzVYQWp6WDBVCkNIZDk0TDVYRzkySUpGZkxaK0NYNGk0bVFYVFFydEVqbFNmZlJ3SW14WDF1V0IzMTJ3R0NqQ2c0YzZ0Y1VQWDUKZktMcFhkaVEydjFzc1FRbTRIQjdDRlk9Ci0tLS0tRU5EIENFUlRJRklDQVRFLS0tLS0K"
              }
            ],
            "master_authorized_networks_config": [],
            "master_version": "1.28.10-gke.1075001",
            "mesh_certificates": [],
            "min_master_version": "1.28",
            "monitoring_config": [
              {
                "advanced_datapath_observability_config": [
                  {
                    "enable_metrics": false,
                    "enable_relay": false,
                    "relay_mode": "DISABLED"
                  }
                ],
                "enable_components": [
                  "SYSTEM_COMPONENTS"
                ],
                "managed_prometheus": [
                  {
                    "enabled": true
                  }
                ]
              }
            ],
            "monitoring_service": "monitoring.googleapis.com/kubernetes",
            "name": "devops-cluster",
            "network": "projects/divine-precinct-428122-a7/global/networks/default",
            "network_policy": [
              {
                "enabled": false,
                "provider": "PROVIDER_UNSPECIFIED"
              }
            ],
            "networking_mode": "VPC_NATIVE",
            "node_config": [
              {
                "advanced_machine_features": [],
                "boot_disk_kms_key": "",
                "confidential_nodes": [],
                "containerd_config": [],
                "disk_size_gb": 20,
                "disk_type": "pd-balanced",
                "effective_taints": [],
                "enable_confidential_storage": false,
                "ephemeral_storage_local_ssd_config": [],
                "fast_socket": [],
                "gcfs_config": [],
                "guest_accelerator": [],
                "gvnic": [],
                "host_maintenance_policy": [],
                "image_type": "COS_CONTAINERD",
                "kubelet_config": [],
                "labels": {},
                "linux_node_config": [],
                "local_nvme_ssd_block_config": [],
                "local_ssd_count": 0,
                "logging_variant": "DEFAULT",
                "machine_type": "e2-medium",
                "metadata": {
                  "disable-legacy-endpoints": "true"
                },
                "min_cpu_platform": "",
                "node_group": "",
                "oauth_scopes": [
                  "https://www.googleapis.com/auth/devstorage.read_only",
                  "https://www.googleapis.com/auth/logging.write",
                  "https://www.googleapis.com/auth/monitoring",
                  "https://www.googleapis.com/auth/service.management.readonly",
                  "https://www.googleapis.com/auth/servicecontrol",
                  "https://www.googleapis.com/auth/trace.append"
                ],
                "preemptible": true,
                "reservation_affinity": [],
                "resource_labels": null,
                "resource_manager_tags": null,
                "secondary_boot_disks": [],
                "service_account": "default",
                "shielded_instance_config": [
                  {
                    "enable_integrity_monitoring": true,
                    "enable_secure_boot": false
                  }
                ],
                "sole_tenant_config": [],
                "spot": false,
                "tags": null,
                "taint": [],
                "workload_metadata_config": []
              }
            ],
            "node_locations": [
              "us-central1-a",
              "us-central1-b",
              "us-central1-f"
            ],
            "node_pool": [
              {
                "autoscaling": [],
                "initial_node_count": 1,
                "instance_group_urls": [
                  "https://www.googleapis.com/compute/v1/projects/divine-precinct-428122-a7/zones/us-central1-a/instanceGroupManagers/gke-devops-cluster-default-pool-8d3f5d59-grp",
                  "https://www.googleapis.com/compute/v1/projects/divine-precinct-428122-a7/zones/us-central1-f/instanceGroupManagers/gke-devops-cluster-default-pool-4f26ec20-grp",
                  "https://www.googleapis.com/compute/v1/projects/divine-precinct-428122-a7/zones/us-central1-b/instanceGroupManagers/gke-devops-cluster-default-pool-59ce967a-grp"
                ],
                "managed_instance_group_urls": [
                  "https://www.googleapis.com/compute/v1/projects/divine-precinct-428122-a7/zones/us-central1-a/instanceGroups/gke-devops-cluster-default-pool-8d3f5d59-grp",
                  "https://www.googleapis.com/compute/v1/projects/divine-precinct-428122-a7/zones/us-central1-f/instanceGroups/gke-devops-cluster-default-pool-4f26ec20-grp",
                  "https://www.googleapis.com/compute/v1/projects/divine-precinct-428122-a7/zones/us-central1-b/instanceGroups/gke-devops-cluster-default-pool-59ce967a-grp"
                ],
                "management": [
                  {
                    "auto_repair": true,
                    "auto_upgrade": true
                  }
                ],
                "max_pods_per_node": 110,
                "name": "default-pool",
                "name_prefix": "",
                "network_config": [
                  {
                    "create_pod_range": false,
                    "enable_private_nodes": false,
                    "network_performance_config": [],
                    "pod_cidr_overprovision_config": [],
                    "pod_ipv4_cidr_block": "10.56.0.0/14",
                    "pod_range": "gke-devops-cluster-pods-315fde05"
                  }
                ],
                "node_config": [
                  {
                    "advanced_machine_features": [],
                    "boot_disk_kms_key": "",
                    "confidential_nodes": [],
                    "containerd_config": [],
                    "disk_size_gb": 20,
                    "disk_type": "pd-balanced",
                    "effective_taints": [],
                    "enable_confidential_storage": false,
                    "ephemeral_storage_local_ssd_config": [],
                    "fast_socket": [],
                    "gcfs_config": [],
                    "guest_accelerator": [],
                    "gvnic": [],
                    "host_maintenance_policy": [],
                    "image_type": "COS_CONTAINERD",
                    "kubelet_config": [],
                    "labels": {},
                    "linux_node_config": [],
                    "local_nvme_ssd_block_config": [],
                    "local_ssd_count": 0,
                    "logging_variant": "DEFAULT",
                    "machine_type": "e2-medium",
                    "metadata": {
                      "disable-legacy-endpoints": "true"
                    },
                    "min_cpu_platform": "",
                    "node_group": "",
                    "oauth_scopes": [
                      "https://www.googleapis.com/auth/devstorage.read_only",
                      "https://www.googleapis.com/auth/logging.write",
                      "https://www.googleapis.com/auth/monitoring",
                      "https://www.googleapis.com/auth/service.management.readonly",
                      "https://www.googleapis.com/auth/servicecontrol",
                      "https://www.googleapis.com/auth/trace.append"
                    ],
                    "preemptible": true,
                    "reservation_affinity": [],
                    "resource_labels": {},
                    "resource_manager_tags": {},
                    "secondary_boot_disks": [],
                    "service_account": "default",
                    "shielded_instance_config": [
                      {
                        "enable_integrity_monitoring": true,
                        "enable_secure_boot": false
                      }
                    ],
                    "sole_tenant_config": [],
                    "spot": false,
                    "tags": [],
                    "taint": [],
                    "workload_metadata_config": []
                  }
                ],
                "node_count": 1,
                "node_locations": [
                  "us-central1-a",
                  "us-central1-b",
                  "us-central1-f"
                ],
                "placement_policy": [],
                "queued_provisioning": [],
                "upgrade_settings": [
                  {
                    "blue_green_settings": [],
                    "max_surge": 1,
                    "max_unavailable": 0,
                    "strategy": "SURGE"
                  }
                ],
                "version": "1.28.10-gke.1075001"
              }
            ],
            "node_pool_auto_config": [],
            "node_pool_defaults": [
              {
                "node_config_defaults": [
                  {
                    "containerd_config": [],
                    "logging_variant": "DEFAULT"
                  }
                ]
              }
            ],
            "node_version": "1.28.10-gke.1075001",
            "notification_config": [
              {
                "pubsub": [
                  {
                    "enabled": false,
                    "filter": [],
                    "topic": ""
                  }
                ]
              }
            ],
            "operation": null,
            "private_cluster_config": [
              {
                "enable_private_endpoint": false,
                "enable_private_nodes": false,
                "master_global_access_config": [
                  {
                    "enabled": false
                  }
                ],
                "master_ipv4_cidr_block": "",
                "peering_name": "",
                "private_endpoint": "10.128.15.203",
                "private_endpoint_subnetwork": "",
                "public_endpoint": "34.173.118.176"
              }
            ],
            "private_ipv6_google_access": "",
            "project": "divine-precinct-428122-a7",
            "release_channel": [
              {
                "channel": "STABLE"
              }
            ],
            "remove_default_node_pool": null,
            "resource_labels": null,
            "resource_usage_export_config": [],
            "security_posture_config": [
              {
                "mode": "BASIC",
                "vulnerability_mode": "VULNERABILITY_MODE_UNSPECIFIED"
              }
            ],
            "self_link": "https://container.googleapis.com/v1/projects/divine-precinct-428122-a7/locations/us-central1/clusters/devops-cluster",
            "service_external_ips_config": [
              {
                "enabled": false
              }
            ],
            "services_ipv4_cidr": "10.3.240.0/20",
            "subnetwork": "projects/divine-precinct-428122-a7/regions/us-central1/subnetworks/default",
            "timeouts": null,
            "tpu_ipv4_cidr_block": "",
            "vertical_pod_autoscaling": [],
            "workload_identity_config": []
          },
          "sensitive_attributes": [
            [
              {
                "type": "get_attr",
                "value": "master_auth"
              },
              {
                "type": "index",
                "value": {
                  "value": 0,
                  "type": "number"
                }
              },
              {
                "type": "get_attr",
                "value": "client_key"
              }
            ]
          ],
          "private": "eyJlMmJmYjczMC1lY2FhLTExZTYtOGY4OC0zNDM2M2JjN2M0YzAiOnsiY3JlYXRlIjoyNDAwMDAwMDAwMDAwLCJkZWxldGUiOjI0MDAwMDAwMDAwMDAsInJlYWQiOjI0MDAwMDAwMDAwMDAsInVwZGF0ZSI6MzYwMDAwMDAwMDAwMH0sInNjaGVtYV92ZXJzaW9uIjoiMiJ9",
          "dependencies": [
            "google_project_service.container"
          ]
        }
      ]
    },
    {
      "mode": "managed",
      "type": "google_project_service",
      "name": "container",
      "provider": "provider[\"registry.terraform.io/hashicorp/google\"]",
      "instances": [
        {
          "schema_version": 0,
          "attributes": {
            "disable_dependent_services": null,
            "disable_on_destroy": true,
            "id": "divine-precinct-428122-a7/container.googleapis.com",
            "project": "divine-precinct-428122-a7",
            "service": "container.googleapis.com",
            "timeouts": null
          },
          "sensitive_attributes": [],
          "private": "eyJlMmJmYjczMC1lY2FhLTExZTYtOGY4OC0zNDM2M2JjN2M0YzAiOnsiY3JlYXRlIjoxMjAwMDAwMDAwMDAwLCJkZWxldGUiOjEyMDAwMDAwMDAwMDAsInJlYWQiOjYwMDAwMDAwMDAwMCwidXBkYXRlIjoxMjAwMDAwMDAwMDAwfX0="
        }
      ]
    }
  ],
  "check_results": null
}
